Microsoft Visual Studio Solution File, Format Version 12.00
# Visual Studio 15
Project("{2150E333-8FDC-42A3-9474-1A3956D46DE8}") = "CMake", "CMake", "{EB4A2CEE-FE40-3563-9334-A8B2F95A5D4D}"
EndProject
Project("{2150E333-8FDC-42A3-9474-1A3956D46DE8}") = "SFML", "SFML", "{C7DC2FD9-B221-34AE-93CF-C0BA2421B070}"
EndProject
Project("{8BC9CEB8-8B4A-11D0-8D11-00A0C91BC942}") = "ALL_BUILD", "ALL_BUILD.vcxproj", "{8E65C380-6619-379A-A620-1346D4FD29C6}"
	ProjectSection(ProjectDependencies) = postProject
		{6545A0BB-884F-3282-8BCA-89D7851A6CD3} = {6545A0BB-884F-3282-8BCA-89D7851A6CD3}
		{89C61119-3580-34F9-94A5-42A588EC5921} = {89C61119-3580-34F9-94A5-42A588EC5921}
		{A54ED0F9-183A-3B34-A74E-53F297665582} = {A54ED0F9-183A-3B34-A74E-53F297665582}
		{0E8114C2-A914-34B2-A3A3-6D542032606A} = {0E8114C2-A914-34B2-A3A3-6D542032606A}
		{574B78DB-065C-3CE4-BDD0-66FA08335471} = {574B78DB-065C-3CE4-BDD0-66FA08335471}
		{3022F26E-6C24-374B-A255-8418FFED458C} = {3022F26E-6C24-374B-A255-8418FFED458C}
		{3795A714-FEC4-34F8-A77A-408E52FCC015} = {3795A714-FEC4-34F8-A77A-408E52FCC015}
		{A971B65B-4E34-3F01-B21E-0F98E9BE595E} = {A971B65B-4E34-3F01-B21E-0F98E9BE595E}
		{FCFF61F6-29D6-3A72-9D75-E053EBF145DA} = {FCFF61F6-29D6-3A72-9D75-E053EBF145DA}
		{CF499F2C-3497-3CEB-B9AF-65F4A8340978} = {CF499F2C-3497-3CEB-B9AF-65F4A8340978}
		{F2733A7E-540C-3EDD-804F-1C2ED88E48C4} = {F2733A7E-540C-3EDD-804F-1C2ED88E48C4}
	EndProjectSection
EndProject
Project("{8BC9CEB8-8B4A-11D0-8D11-00A0C91BC942}") = "Box2D", "externals\Box2D\Box2D.vcxproj", "{6545A0BB-884F-3282-8BCA-89D7851A6CD3}"
	ProjectSection(ProjectDependencies) = postProject
		{574B78DB-065C-3CE4-BDD0-66FA08335471} = {574B78DB-065C-3CE4-BDD0-66FA08335471}
	EndProjectSection
EndProject
Project("{8BC9CEB8-8B4A-11D0-8D11-00A0C91BC942}") = "INSTALL", "INSTALL.vcxproj", "{BDF992D0-B1E3-325E-8C21-0B219967A4D6}"
	ProjectSection(ProjectDependencies) = postProject
		{8E65C380-6619-379A-A620-1346D4FD29C6} = {8E65C380-6619-379A-A620-1346D4FD29C6}
		{574B78DB-065C-3CE4-BDD0-66FA08335471} = {574B78DB-065C-3CE4-BDD0-66FA08335471}
	EndProjectSection
EndProject
Project("{8BC9CEB8-8B4A-11D0-8D11-00A0C91BC942}") = "Main", "Main.vcxproj", "{89C61119-3580-34F9-94A5-42A588EC5921}"
	ProjectSection(ProjectDependencies) = postProject
		{6545A0BB-884F-3282-8BCA-89D7851A6CD3} = {6545A0BB-884F-3282-8BCA-89D7851A6CD3}
		{A54ED0F9-183A-3B34-A74E-53F297665582} = {A54ED0F9-183A-3B34-A74E-53F297665582}
		{574B78DB-065C-3CE4-BDD0-66FA08335471} = {574B78DB-065C-3CE4-BDD0-66FA08335471}
		{3022F26E-6C24-374B-A255-8418FFED458C} = {3022F26E-6C24-374B-A255-8418FFED458C}
		{3795A714-FEC4-34F8-A77A-408E52FCC015} = {3795A714-FEC4-34F8-A77A-408E52FCC015}
		{FCFF61F6-29D6-3A72-9D75-E053EBF145DA} = {FCFF61F6-29D6-3A72-9D75-E053EBF145DA}
		{CF499F2C-3497-3CEB-B9AF-65F4A8340978} = {CF499F2C-3497-3CEB-B9AF-65F4A8340978}
		{F2733A7E-540C-3EDD-804F-1C2ED88E48C4} = {F2733A7E-540C-3EDD-804F-1C2ED88E48C4}
	EndProjectSection
EndProject
Project("{8BC9CEB8-8B4A-11D0-8D11-00A0C91BC942}") = "SAE918_COMMON", "SAE918_COMMON.vcxproj", "{A54ED0F9-183A-3B34-A74E-53F297665582}"
	ProjectSection(ProjectDependencies) = postProject
		{6545A0BB-884F-3282-8BCA-89D7851A6CD3} = {6545A0BB-884F-3282-8BCA-89D7851A6CD3}
		{574B78DB-065C-3CE4-BDD0-66FA08335471} = {574B78DB-065C-3CE4-BDD0-66FA08335471}
		{3022F26E-6C24-374B-A255-8418FFED458C} = {3022F26E-6C24-374B-A255-8418FFED458C}
		{3795A714-FEC4-34F8-A77A-408E52FCC015} = {3795A714-FEC4-34F8-A77A-408E52FCC015}
		{FCFF61F6-29D6-3A72-9D75-E053EBF145DA} = {FCFF61F6-29D6-3A72-9D75-E053EBF145DA}
		{CF499F2C-3497-3CEB-B9AF-65F4A8340978} = {CF499F2C-3497-3CEB-B9AF-65F4A8340978}
		{F2733A7E-540C-3EDD-804F-1C2ED88E48C4} = {F2733A7E-540C-3EDD-804F-1C2ED88E48C4}
	EndProjectSection
EndProject
Project("{8BC9CEB8-8B4A-11D0-8D11-00A0C91BC942}") = "TacosRevenge", "TacosRevenge.vcxproj", "{0E8114C2-A914-34B2-A3A3-6D542032606A}"
	ProjectSection(ProjectDependencies) = postProject
		{6545A0BB-884F-3282-8BCA-89D7851A6CD3} = {6545A0BB-884F-3282-8BCA-89D7851A6CD3}
		{A54ED0F9-183A-3B34-A74E-53F297665582} = {A54ED0F9-183A-3B34-A74E-53F297665582}
		{574B78DB-065C-3CE4-BDD0-66FA08335471} = {574B78DB-065C-3CE4-BDD0-66FA08335471}
		{3022F26E-6C24-374B-A255-8418FFED458C} = {3022F26E-6C24-374B-A255-8418FFED458C}
		{3795A714-FEC4-34F8-A77A-408E52FCC015} = {3795A714-FEC4-34F8-A77A-408E52FCC015}
		{FCFF61F6-29D6-3A72-9D75-E053EBF145DA} = {FCFF61F6-29D6-3A72-9D75-E053EBF145DA}
		{CF499F2C-3497-3CEB-B9AF-65F4A8340978} = {CF499F2C-3497-3CEB-B9AF-65F4A8340978}
		{F2733A7E-540C-3EDD-804F-1C2ED88E48C4} = {F2733A7E-540C-3EDD-804F-1C2ED88E48C4}
	EndProjectSection
EndProject
Project("{8BC9CEB8-8B4A-11D0-8D11-00A0C91BC942}") = "ZERO_CHECK", "ZERO_CHECK.vcxproj", "{574B78DB-065C-3CE4-BDD0-66FA08335471}"
	ProjectSection(ProjectDependencies) = postProject
	EndProjectSection
EndProject
Project("{8BC9CEB8-8B4A-11D0-8D11-00A0C91BC942}") = "sfml-audio", "externals\SFML\src\SFML\Audio\sfml-audio.vcxproj", "{3022F26E-6C24-374B-A255-8418FFED458C}"
	ProjectSection(ProjectDependencies) = postProject
		{574B78DB-065C-3CE4-BDD0-66FA08335471} = {574B78DB-065C-3CE4-BDD0-66FA08335471}
		{CF499F2C-3497-3CEB-B9AF-65F4A8340978} = {CF499F2C-3497-3CEB-B9AF-65F4A8340978}
	EndProjectSection
EndProject
Project("{8BC9CEB8-8B4A-11D0-8D11-00A0C91BC942}") = "sfml-graphics", "externals\SFML\src\SFML\Graphics\sfml-graphics.vcxproj", "{3795A714-FEC4-34F8-A77A-408E52FCC015}"
	ProjectSection(ProjectDependencies) = postProject
		{574B78DB-065C-3CE4-BDD0-66FA08335471} = {574B78DB-065C-3CE4-BDD0-66FA08335471}
		{CF499F2C-3497-3CEB-B9AF-65F4A8340978} = {CF499F2C-3497-3CEB-B9AF-65F4A8340978}
		{F2733A7E-540C-3EDD-804F-1C2ED88E48C4} = {F2733A7E-540C-3EDD-804F-1C2ED88E48C4}
	EndProjectSection
EndProject
Project("{8BC9CEB8-8B4A-11D0-8D11-00A0C91BC942}") = "sfml-main", "externals\SFML\src\SFML\Main\sfml-main.vcxproj", "{A971B65B-4E34-3F01-B21E-0F98E9BE595E}"
	ProjectSection(ProjectDependencies) = postProject
		{574B78DB-065C-3CE4-BDD0-66FA08335471} = {574B78DB-065C-3CE4-BDD0-66FA08335471}
	EndProjectSection
EndProject
Project("{8BC9CEB8-8B4A-11D0-8D11-00A0C91BC942}") = "sfml-network", "externals\SFML\src\SFML\Network\sfml-network.vcxproj", "{FCFF61F6-29D6-3A72-9D75-E053EBF145DA}"
	ProjectSection(ProjectDependencies) = postProject
		{574B78DB-065C-3CE4-BDD0-66FA08335471} = {574B78DB-065C-3CE4-BDD0-66FA08335471}
		{CF499F2C-3497-3CEB-B9AF-65F4A8340978} = {CF499F2C-3497-3CEB-B9AF-65F4A8340978}
	EndProjectSection
EndProject
Project("{8BC9CEB8-8B4A-11D0-8D11-00A0C91BC942}") = "sfml-system", "externals\SFML\src\SFML\System\sfml-system.vcxproj", "{CF499F2C-3497-3CEB-B9AF-65F4A8340978}"
	ProjectSection(ProjectDependencies) = postProject
		{574B78DB-065C-3CE4-BDD0-66FA08335471} = {574B78DB-065C-3CE4-BDD0-66FA08335471}
	EndProjectSection
EndProject
Project("{8BC9CEB8-8B4A-11D0-8D11-00A0C91BC942}") = "sfml-window", "externals\SFML\src\SFML\Window\sfml-window.vcxproj", "{F2733A7E-540C-3EDD-804F-1C2ED88E48C4}"
	ProjectSection(ProjectDependencies) = postProject
		{574B78DB-065C-3CE4-BDD0-66FA08335471} = {574B78DB-065C-3CE4-BDD0-66FA08335471}
		{CF499F2C-3497-3CEB-B9AF-65F4A8340978} = {CF499F2C-3497-3CEB-B9AF-65F4A8340978}
	EndProjectSection
EndProject
Global
	GlobalSection(SolutionConfigurationPlatforms) = preSolution
		Debug|Win32 = Debug|Win32
		Release|Win32 = Release|Win32
		MinSizeRel|Win32 = MinSizeRel|Win32
		RelWithDebInfo|Win32 = RelWithDebInfo|Win32
	EndGlobalSection
	GlobalSection(ProjectConfigurationPlatforms) = postSolution
		{8E65C380-6619-379A-A620-1346D4FD29C6}.Debug|Win32.ActiveCfg = Debug|Win32
		{8E65C380-6619-379A-A620-1346D4FD29C6}.Debug|Win32.Build.0 = Debug|Win32
		{8E65C380-6619-379A-A620-1346D4FD29C6}.Release|Win32.ActiveCfg = Release|Win32
		{8E65C380-6619-379A-A620-1346D4FD29C6}.Release|Win32.Build.0 = Release|Win32
		{8E65C380-6619-379A-A620-1346D4FD29C6}.MinSizeRel|Win32.ActiveCfg = MinSizeRel|Win32
		{8E65C380-6619-379A-A620-1346D4FD29C6}.MinSizeRel|Win32.Build.0 = MinSizeRel|Win32
		{8E65C380-6619-379A-A620-1346D4FD29C6}.RelWithDebInfo|Win32.ActiveCfg = RelWithDebInfo|Win32
		{8E65C380-6619-379A-A620-1346D4FD29C6}.RelWithDebInfo|Win32.Build.0 = RelWithDebInfo|Win32
		{6545A0BB-884F-3282-8BCA-89D7851A6CD3}.Debug|Win32.ActiveCfg = Debug|Win32
		{6545A0BB-884F-3282-8BCA-89D7851A6CD3}.Debug|Win32.Build.0 = Debug|Win32
		{6545A0BB-884F-3282-8BCA-89D7851A6CD3}.Release|Win32.ActiveCfg = Release|Win32
		{6545A0BB-884F-3282-8BCA-89D7851A6CD3}.Release|Win32.Build.0 = Release|Win32
		{6545A0BB-884F-3282-8BCA-89D7851A6CD3}.MinSizeRel|Win32.ActiveCfg = MinSizeRel|Win32
		{6545A0BB-884F-3282-8BCA-89D7851A6CD3}.MinSizeRel|Win32.Build.0 = MinSizeRel|Win32
		{6545A0BB-884F-3282-8BCA-89D7851A6CD3}.RelWithDebInfo|Win32.ActiveCfg = RelWithDebInfo|Win32
		{6545A0BB-884F-3282-8BCA-89D7851A6CD3}.RelWithDebInfo|Win32.Build.0 = RelWithDebInfo|Win32
		{BDF992D0-B1E3-325E-8C21-0B219967A4D6}.Debug|Win32.ActiveCfg = Debug|Win32
		{BDF992D0-B1E3-325E-8C21-0B219967A4D6}.Release|Win32.ActiveCfg = Release|Win32
		{BDF992D0-B1E3-325E-8C21-0B219967A4D6}.MinSizeRel|Win32.ActiveCfg = MinSizeRel|Win32
		{BDF992D0-B1E3-325E-8C21-0B219967A4D6}.RelWithDebInfo|Win32.ActiveCfg = RelWithDebInfo|Win32
		{89C61119-3580-34F9-94A5-42A588EC5921}.Debug|Win32.ActiveCfg = Debug|Win32
		{89C61119-3580-34F9-94A5-42A588EC5921}.Debug|Win32.Build.0 = Debug|Win32
		{89C61119-3580-34F9-94A5-42A588EC5921}.Release|Win32.ActiveCfg = Release|Win32
		{89C61119-3580-34F9-94A5-42A588EC5921}.Release|Win32.Build.0 = Release|Win32
		{89C61119-3580-34F9-94A5-42A588EC5921}.MinSizeRel|Win32.ActiveCfg = MinSizeRel|Win32
		{89C61119-3580-34F9-94A5-42A588EC5921}.MinSizeRel|Win32.Build.0 = MinSizeRel|Win32
		{89C61119-3580-34F9-94A5-42A588EC5921}.RelWithDebInfo|Win32.ActiveCfg = RelWithDebInfo|Win32
		{89C61119-3580-34F9-94A5-42A588EC5921}.RelWithDebInfo|Win32.Build.0 = RelWithDebInfo|Win32
		{A54ED0F9-183A-3B34-A74E-53F297665582}.Debug|Win32.ActiveCfg = Debug|Win32
		{A54ED0F9-183A-3B34-A74E-53F297665582}.Debug|Win32.Build.0 = Debug|Win32
		{A54ED0F9-183A-3B34-A74E-53F297665582}.Release|Win32.ActiveCfg = Release|Win32
		{A54ED0F9-183A-3B34-A74E-53F297665582}.Release|Win32.Build.0 = Release|Win32
		{A54ED0F9-183A-3B34-A74E-53F297665582}.MinSizeRel|Win32.ActiveCfg = MinSizeRel|Win32
		{A54ED0F9-183A-3B34-A74E-53F297665582}.MinSizeRel|Win32.Build.0 = MinSizeRel|Win32
		{A54ED0F9-183A-3B34-A74E-53F297665582}.RelWithDebInfo|Win32.ActiveCfg = RelWithDebInfo|Win32
		{A54ED0F9-183A-3B34-A74E-53F297665582}.RelWithDebInfo|Win32.Build.0 = RelWithDebInfo|Win32
		{0E8114C2-A914-34B2-A3A3-6D542032606A}.Debug|Win32.ActiveCfg = Debug|Win32
		{0E8114C2-A914-34B2-A3A3-6D542032606A}.Debug|Win32.Build.0 = Debug|Win32
		{0E8114C2-A914-34B2-A3A3-6D542032606A}.Release|Win32.ActiveCfg = Release|Win32
		{0E8114C2-A914-34B2-A3A3-6D542032606A}.Release|Win32.Build.0 = Release|Win32
		{0E8114C2-A914-34B2-A3A3-6D542032606A}.MinSizeRel|Win32.ActiveCfg = MinSizeRel|Win32
		{0E8114C2-A914-34B2-A3A3-6D542032606A}.MinSizeRel|Win32.Build.0 = MinSizeRel|Win32
		{0E8114C2-A914-34B2-A3A3-6D542032606A}.RelWithDebInfo|Win32.ActiveCfg = RelWithDebInfo|Win32
		{0E8114C2-A914-34B2-A3A3-6D542032606A}.RelWithDebInfo|Win32.Build.0 = RelWithDebInfo|Win32
		{574B78DB-065C-3CE4-BDD0-66FA08335471}.Debug|Win32.ActiveCfg = Debug|Win32
		{574B78DB-065C-3CE4-BDD0-66FA08335471}.Debug|Win32.Build.0 = Debug|Win32
		{574B78DB-065C-3CE4-BDD0-66FA08335471}.Release|Win32.ActiveCfg = Release|Win32
		{574B78DB-065C-3CE4-BDD0-66FA08335471}.Release|Win32.Build.0 = Release|Win32
		{574B78DB-065C-3CE4-BDD0-66FA08335471}.MinSizeRel|Win32.ActiveCfg = MinSizeRel|Win32
		{574B78DB-065C-3CE4-BDD0-66FA08335471}.MinSizeRel|Win32.Build.0 = MinSizeRel|Win32
		{574B78DB-065C-3CE4-BDD0-66FA08335471}.RelWithDebInfo|Win32.ActiveCfg = RelWithDebInfo|Win32
		{574B78DB-065C-3CE4-BDD0-66FA08335471}.RelWithDebInfo|Win32.Build.0 = RelWithDebInfo|Win32
		{3022F26E-6C24-374B-A255-8418FFED458C}.Debug|Win32.ActiveCfg = Debug|Win32
		{3022F26E-6C24-374B-A255-8418FFED458C}.Debug|Win32.Build.0 = Debug|Win32
		{3022F26E-6C24-374B-A255-8418FFED458C}.Release|Win32.ActiveCfg = Release|Win32
		{3022F26E-6C24-374B-A255-8418FFED458C}.Release|Win32.Build.0 = Release|Win32
		{3022F26E-6C24-374B-A255-8418FFED458C}.MinSizeRel|Win32.ActiveCfg = MinSizeRel|Win32
		{3022F26E-6C24-374B-A255-8418FFED458C}.MinSizeRel|Win32.Build.0 = MinSizeRel|Win32
		{3022F26E-6C24-374B-A255-8418FFED458C}.RelWithDebInfo|Win32.ActiveCfg = RelWithDebInfo|Win32
		{3022F26E-6C24-374B-A255-8418FFED458C}.RelWithDebInfo|Win32.Build.0 = RelWithDebInfo|Win32
		{3795A714-FEC4-34F8-A77A-408E52FCC015}.Debug|Win32.ActiveCfg = Debug|Win32
		{3795A714-FEC4-34F8-A77A-408E52FCC015}.Debug|Win32.Build.0 = Debug|Win32
		{3795A714-FEC4-34F8-A77A-408E52FCC015}.Release|Win32.ActiveCfg = Release|Win32
		{3795A714-FEC4-34F8-A77A-408E52FCC015}.Release|Win32.Build.0 = Release|Win32
		{3795A714-FEC4-34F8-A77A-408E52FCC015}.MinSizeRel|Win32.ActiveCfg = MinSizeRel|Win32
		{3795A714-FEC4-34F8-A77A-408E52FCC015}.MinSizeRel|Win32.Build.0 = MinSizeRel|Win32
		{3795A714-FEC4-34F8-A77A-408E52FCC015}.RelWithDebInfo|Win32.ActiveCfg = RelWithDebInfo|Win32
		{3795A714-FEC4-34F8-A77A-408E52FCC015}.RelWithDebInfo|Win32.Build.0 = RelWithDebInfo|Win32
		{A971B65B-4E34-3F01-B21E-0F98E9BE595E}.Debug|Win32.ActiveCfg = Debug|Win32
		{A971B65B-4E34-3F01-B21E-0F98E9BE595E}.Debug|Win32.Build.0 = Debug|Win32
		{A971B65B-4E34-3F01-B21E-0F98E9BE595E}.Release|Win32.ActiveCfg = Release|Win32
		{A971B65B-4E34-3F01-B21E-0F98E9BE595E}.Release|Win32.Build.0 = Release|Win32
		{A971B65B-4E34-3F01-B21E-0F98E9BE595E}.MinSizeRel|Win32.ActiveCfg = MinSizeRel|Win32
		{A971B65B-4E34-3F01-B21E-0F98E9BE595E}.MinSizeRel|Win32.Build.0 = MinSizeRel|Win32
		{A971B65B-4E34-3F01-B21E-0F98E9BE595E}.RelWithDebInfo|Win32.ActiveCfg = RelWithDebInfo|Win32
		{A971B65B-4E34-3F01-B21E-0F98E9BE595E}.RelWithDebInfo|Win32.Build.0 = RelWithDebInfo|Win32
		{FCFF61F6-29D6-3A72-9D75-E053EBF145DA}.Debug|Win32.ActiveCfg = Debug|Win32
		{FCFF61F6-29D6-3A72-9D75-E053EBF145DA}.Debug|Win32.Build.0 = Debug|Win32
		{FCFF61F6-29D6-3A72-9D75-E053EBF145DA}.Release|Win32.ActiveCfg = Release|Win32
		{FCFF61F6-29D6-3A72-9D75-E053EBF145DA}.Release|Win32.Build.0 = Release|Win32
		{FCFF61F6-29D6-3A72-9D75-E053EBF145DA}.MinSizeRel|Win32.ActiveCfg = MinSizeRel|Win32
		{FCFF61F6-29D6-3A72-9D75-E053EBF145DA}.MinSizeRel|Win32.Build.0 = MinSizeRel|Win32
		{FCFF61F6-29D6-3A72-9D75-E053EBF145DA}.RelWithDebInfo|Win32.ActiveCfg = RelWithDebInfo|Win32
		{FCFF61F6-29D6-3A72-9D75-E053EBF145DA}.RelWithDebInfo|Win32.Build.0 = RelWithDebInfo|Win32
		{CF499F2C-3497-3CEB-B9AF-65F4A8340978}.Debug|Win32.ActiveCfg = Debug|Win32
		{CF499F2C-3497-3CEB-B9AF-65F4A8340978}.Debug|Win32.Build.0 = Debug|Win32
		{CF499F2C-3497-3CEB-B9AF-65F4A8340978}.Release|Win32.ActiveCfg = Release|Win32
		{CF499F2C-3497-3CEB-B9AF-65F4A8340978}.Release|Win32.Build.0 = Release|Win32
		{CF499F2C-3497-3CEB-B9AF-65F4A8340978}.MinSizeRel|Win32.ActiveCfg = MinSizeRel|Win32
		{CF499F2C-3497-3CEB-B9AF-65F4A8340978}.MinSizeRel|Win32.Build.0 = MinSizeRel|Win32
		{CF499F2C-3497-3CEB-B9AF-65F4A8340978}.RelWithDebInfo|Win32.ActiveCfg = RelWithDebInfo|Win32
		{CF499F2C-3497-3CEB-B9AF-65F4A8340978}.RelWithDebInfo|Win32.Build.0 = RelWithDebInfo|Win32
		{F2733A7E-540C-3EDD-804F-1C2ED88E48C4}.Debug|Win32.ActiveCfg = Debug|Win32
		{F2733A7E-540C-3EDD-804F-1C2ED88E48C4}.Debug|Win32.Build.0 = Debug|Win32
		{F2733A7E-540C-3EDD-804F-1C2ED88E48C4}.Release|Win32.ActiveCfg = Release|Win32
		{F2733A7E-540C-3EDD-804F-1C2ED88E48C4}.Release|Win32.Build.0 = Release|Win32
		{F2733A7E-540C-3EDD-804F-1C2ED88E48C4}.MinSizeRel|Win32.ActiveCfg = MinSizeRel|Win32
		{F2733A7E-540C-3EDD-804F-1C2ED88E48C4}.MinSizeRel|Win32.Build.0 = MinSizeRel|Win32
		{F2733A7E-540C-3EDD-804F-1C2ED88E48C4}.RelWithDebInfo|Win32.ActiveCfg = RelWithDebInfo|Win32
		{F2733A7E-540C-3EDD-804F-1C2ED88E48C4}.RelWithDebInfo|Win32.Build.0 = RelWithDebInfo|Win32
	EndGlobalSection
	GlobalSection(NestedProjects) = preSolution
		{8E65C380-6619-379A-A620-1346D4FD29C6} = {EB4A2CEE-FE40-3563-9334-A8B2F95A5D4D}
		{BDF992D0-B1E3-325E-8C21-0B219967A4D6} = {EB4A2CEE-FE40-3563-9334-A8B2F95A5D4D}
		{574B78DB-065C-3CE4-BDD0-66FA08335471} = {EB4A2CEE-FE40-3563-9334-A8B2F95A5D4D}
		{3022F26E-6C24-374B-A255-8418FFED458C} = {C7DC2FD9-B221-34AE-93CF-C0BA2421B070}
		{3795A714-FEC4-34F8-A77A-408E52FCC015} = {C7DC2FD9-B221-34AE-93CF-C0BA2421B070}
		{A971B65B-4E34-3F01-B21E-0F98E9BE595E} = {C7DC2FD9-B221-34AE-93CF-C0BA2421B070}
		{FCFF61F6-29D6-3A72-9D75-E053EBF145DA} = {C7DC2FD9-B221-34AE-93CF-C0BA2421B070}
		{CF499F2C-3497-3CEB-B9AF-65F4A8340978} = {C7DC2FD9-B221-34AE-93CF-C0BA2421B070}
		{F2733A7E-540C-3EDD-804F-1C2ED88E48C4} = {C7DC2FD9-B221-34AE-93CF-C0BA2421B070}
	EndGlobalSection
	GlobalSection(ExtensibilityGlobals) = postSolution
		SolutionGuid = {F0074822-5EB8-33DF-9B08-C0A49280718C}
	EndGlobalSection
	GlobalSection(ExtensibilityAddIns) = postSolution
	EndGlobalSection
EndGlobal
