<?xml version="1.0" encoding="utf-8"?>
<Project ToolsVersion="15.0" xmlns="http://schemas.microsoft.com/developer/msbuild/2003">
  <ItemGroup>
    <ClCompile Include="D:\Developemment\Project\TrueProject\src\ContactListener.cpp">
      <Filter>Source Files</Filter>
    </ClCompile>
    <ClCompile Include="D:\Developemment\Project\TrueProject\src\Ennemy.cpp">
      <Filter>Source Files</Filter>
    </ClCompile>
    <ClCompile Include="D:\Developemment\Project\TrueProject\src\GameManager.cpp">
      <Filter>Source Files</Filter>
    </ClCompile>
    <ClCompile Include="D:\Developemment\Project\TrueProject\src\Menu.cpp">
      <Filter>Source Files</Filter>
    </ClCompile>
    <ClCompile Include="D:\Developemment\Project\TrueProject\src\PlayerCharacter.cpp">
      <Filter>Source Files</Filter>
    </ClCompile>
    <ClCompile Include="D:\Developemment\Project\TrueProject\src\physics.cpp">
      <Filter>Source Files</Filter>
    </ClCompile>
  </ItemGroup>
  <ItemGroup>
    <ClInclude Include="D:\Developemment\Project\TrueProject\include\ContactListener.h">
      <Filter>Header Files</Filter>
    </ClInclude>
    <ClInclude Include="D:\Developemment\Project\TrueProject\include\Ennemy.h">
      <Filter>Header Files</Filter>
    </ClInclude>
    <ClInclude Include="D:\Developemment\Project\TrueProject\include\GameManager.h">
      <Filter>Header Files</Filter>
    </ClInclude>
    <ClInclude Include="D:\Developemment\Project\TrueProject\include\Globals.h">
      <Filter>Header Files</Filter>
    </ClInclude>
    <ClInclude Include="D:\Developemment\Project\TrueProject\include\Menu.h">
      <Filter>Header Files</Filter>
    </ClInclude>
    <ClInclude Include="D:\Developemment\Project\TrueProject\include\PlayerCharacter.h">
      <Filter>Header Files</Filter>
    </ClInclude>
    <ClInclude Include="D:\Developemment\Project\TrueProject\include\physics.h">
      <Filter>Header Files</Filter>
    </ClInclude>
  </ItemGroup>
  <ItemGroup>
    <CustomBuild Include="D:\Developemment\Project\TrueProject\CMakeLists.txt" />
  </ItemGroup>
  <ItemGroup>
    <Filter Include="Header Files">
      <UniqueIdentifier>{FEA8D01C-AF77-3049-9DA7-AD1F4E13B782}</UniqueIdentifier>
    </Filter>
    <Filter Include="Source Files">
      <UniqueIdentifier>{D771D804-EBAF-3956-A967-A96A879AF37D}</UniqueIdentifier>
    </Filter>
  </ItemGroup>
</Project>
