Microsoft Visual Studio Solution File, Format Version 12.00
# Visual Studio 15
Project("{2150E333-8FDC-42A3-9474-1A3956D46DE8}") = "CMake", "CMake", "{3F2D6624-6BC6-3557-9008-6FC5E03959B2}"
EndProject
Project("{2150E333-8FDC-42A3-9474-1A3956D46DE8}") = "SFML", "SFML", "{8090DE9C-9D7F-3A45-898C-749653981E36}"
EndProject
Project("{8BC9CEB8-8B4A-11D0-8D11-00A0C91BC942}") = "ALL_BUILD", "ALL_BUILD.vcxproj", "{CE594DC5-5FA6-35E7-9379-9D890A9332FA}"
	ProjectSection(ProjectDependencies) = postProject
		{B8D1FCDC-96A2-3FC8-A6F6-2DB12274EE6A} = {B8D1FCDC-96A2-3FC8-A6F6-2DB12274EE6A}
		{0DB60215-3B32-3C16-95B4-2E35BE8B56B7} = {0DB60215-3B32-3C16-95B4-2E35BE8B56B7}
		{E4630C90-8930-327C-9488-E8327F3E8F68} = {E4630C90-8930-327C-9488-E8327F3E8F68}
		{2590DFB2-AB18-3B1C-B79E-83A4F0C5DA92} = {2590DFB2-AB18-3B1C-B79E-83A4F0C5DA92}
		{25BEB9CD-5B34-3E59-A471-157C3CB87432} = {25BEB9CD-5B34-3E59-A471-157C3CB87432}
		{47B06128-0EE5-3873-9429-04B8D944F61F} = {47B06128-0EE5-3873-9429-04B8D944F61F}
		{A82BB60E-880A-3632-81C6-40AC41951E6D} = {A82BB60E-880A-3632-81C6-40AC41951E6D}
		{7A96CF29-9A89-3EAC-8590-463E513B3CF0} = {7A96CF29-9A89-3EAC-8590-463E513B3CF0}
		{DC99FB1E-E7CA-3BF3-A2D2-87B3F1EAE443} = {DC99FB1E-E7CA-3BF3-A2D2-87B3F1EAE443}
		{473945DC-D938-3B7F-8C49-97DC4B4B9B99} = {473945DC-D938-3B7F-8C49-97DC4B4B9B99}
	EndProjectSection
EndProject
Project("{8BC9CEB8-8B4A-11D0-8D11-00A0C91BC942}") = "Box2D", "externals\Box2D\Box2D.vcxproj", "{B8D1FCDC-96A2-3FC8-A6F6-2DB12274EE6A}"
	ProjectSection(ProjectDependencies) = postProject
		{2590DFB2-AB18-3B1C-B79E-83A4F0C5DA92} = {2590DFB2-AB18-3B1C-B79E-83A4F0C5DA92}
	EndProjectSection
EndProject
Project("{8BC9CEB8-8B4A-11D0-8D11-00A0C91BC942}") = "INSTALL", "INSTALL.vcxproj", "{FC663596-81F8-399E-9C1F-50AA966B2D47}"
	ProjectSection(ProjectDependencies) = postProject
		{CE594DC5-5FA6-35E7-9379-9D890A9332FA} = {CE594DC5-5FA6-35E7-9379-9D890A9332FA}
		{2590DFB2-AB18-3B1C-B79E-83A4F0C5DA92} = {2590DFB2-AB18-3B1C-B79E-83A4F0C5DA92}
	EndProjectSection
EndProject
Project("{8BC9CEB8-8B4A-11D0-8D11-00A0C91BC942}") = "Main", "Main.vcxproj", "{0DB60215-3B32-3C16-95B4-2E35BE8B56B7}"
	ProjectSection(ProjectDependencies) = postProject
		{B8D1FCDC-96A2-3FC8-A6F6-2DB12274EE6A} = {B8D1FCDC-96A2-3FC8-A6F6-2DB12274EE6A}
		{E4630C90-8930-327C-9488-E8327F3E8F68} = {E4630C90-8930-327C-9488-E8327F3E8F68}
		{2590DFB2-AB18-3B1C-B79E-83A4F0C5DA92} = {2590DFB2-AB18-3B1C-B79E-83A4F0C5DA92}
		{25BEB9CD-5B34-3E59-A471-157C3CB87432} = {25BEB9CD-5B34-3E59-A471-157C3CB87432}
		{47B06128-0EE5-3873-9429-04B8D944F61F} = {47B06128-0EE5-3873-9429-04B8D944F61F}
		{7A96CF29-9A89-3EAC-8590-463E513B3CF0} = {7A96CF29-9A89-3EAC-8590-463E513B3CF0}
		{DC99FB1E-E7CA-3BF3-A2D2-87B3F1EAE443} = {DC99FB1E-E7CA-3BF3-A2D2-87B3F1EAE443}
		{473945DC-D938-3B7F-8C49-97DC4B4B9B99} = {473945DC-D938-3B7F-8C49-97DC4B4B9B99}
	EndProjectSection
EndProject
Project("{8BC9CEB8-8B4A-11D0-8D11-00A0C91BC942}") = "SAE918_COMMON", "SAE918_COMMON.vcxproj", "{E4630C90-8930-327C-9488-E8327F3E8F68}"
	ProjectSection(ProjectDependencies) = postProject
		{B8D1FCDC-96A2-3FC8-A6F6-2DB12274EE6A} = {B8D1FCDC-96A2-3FC8-A6F6-2DB12274EE6A}
		{2590DFB2-AB18-3B1C-B79E-83A4F0C5DA92} = {2590DFB2-AB18-3B1C-B79E-83A4F0C5DA92}
		{25BEB9CD-5B34-3E59-A471-157C3CB87432} = {25BEB9CD-5B34-3E59-A471-157C3CB87432}
		{47B06128-0EE5-3873-9429-04B8D944F61F} = {47B06128-0EE5-3873-9429-04B8D944F61F}
		{7A96CF29-9A89-3EAC-8590-463E513B3CF0} = {7A96CF29-9A89-3EAC-8590-463E513B3CF0}
		{DC99FB1E-E7CA-3BF3-A2D2-87B3F1EAE443} = {DC99FB1E-E7CA-3BF3-A2D2-87B3F1EAE443}
		{473945DC-D938-3B7F-8C49-97DC4B4B9B99} = {473945DC-D938-3B7F-8C49-97DC4B4B9B99}
	EndProjectSection
EndProject
Project("{8BC9CEB8-8B4A-11D0-8D11-00A0C91BC942}") = "ZERO_CHECK", "ZERO_CHECK.vcxproj", "{2590DFB2-AB18-3B1C-B79E-83A4F0C5DA92}"
	ProjectSection(ProjectDependencies) = postProject
	EndProjectSection
EndProject
Project("{8BC9CEB8-8B4A-11D0-8D11-00A0C91BC942}") = "sfml-audio", "externals\SFML\src\SFML\Audio\sfml-audio.vcxproj", "{25BEB9CD-5B34-3E59-A471-157C3CB87432}"
	ProjectSection(ProjectDependencies) = postProject
		{2590DFB2-AB18-3B1C-B79E-83A4F0C5DA92} = {2590DFB2-AB18-3B1C-B79E-83A4F0C5DA92}
		{DC99FB1E-E7CA-3BF3-A2D2-87B3F1EAE443} = {DC99FB1E-E7CA-3BF3-A2D2-87B3F1EAE443}
	EndProjectSection
EndProject
Project("{8BC9CEB8-8B4A-11D0-8D11-00A0C91BC942}") = "sfml-graphics", "externals\SFML\src\SFML\Graphics\sfml-graphics.vcxproj", "{47B06128-0EE5-3873-9429-04B8D944F61F}"
	ProjectSection(ProjectDependencies) = postProject
		{2590DFB2-AB18-3B1C-B79E-83A4F0C5DA92} = {2590DFB2-AB18-3B1C-B79E-83A4F0C5DA92}
		{DC99FB1E-E7CA-3BF3-A2D2-87B3F1EAE443} = {DC99FB1E-E7CA-3BF3-A2D2-87B3F1EAE443}
		{473945DC-D938-3B7F-8C49-97DC4B4B9B99} = {473945DC-D938-3B7F-8C49-97DC4B4B9B99}
	EndProjectSection
EndProject
Project("{8BC9CEB8-8B4A-11D0-8D11-00A0C91BC942}") = "sfml-main", "externals\SFML\src\SFML\Main\sfml-main.vcxproj", "{A82BB60E-880A-3632-81C6-40AC41951E6D}"
	ProjectSection(ProjectDependencies) = postProject
		{2590DFB2-AB18-3B1C-B79E-83A4F0C5DA92} = {2590DFB2-AB18-3B1C-B79E-83A4F0C5DA92}
	EndProjectSection
EndProject
Project("{8BC9CEB8-8B4A-11D0-8D11-00A0C91BC942}") = "sfml-network", "externals\SFML\src\SFML\Network\sfml-network.vcxproj", "{7A96CF29-9A89-3EAC-8590-463E513B3CF0}"
	ProjectSection(ProjectDependencies) = postProject
		{2590DFB2-AB18-3B1C-B79E-83A4F0C5DA92} = {2590DFB2-AB18-3B1C-B79E-83A4F0C5DA92}
		{DC99FB1E-E7CA-3BF3-A2D2-87B3F1EAE443} = {DC99FB1E-E7CA-3BF3-A2D2-87B3F1EAE443}
	EndProjectSection
EndProject
Project("{8BC9CEB8-8B4A-11D0-8D11-00A0C91BC942}") = "sfml-system", "externals\SFML\src\SFML\System\sfml-system.vcxproj", "{DC99FB1E-E7CA-3BF3-A2D2-87B3F1EAE443}"
	ProjectSection(ProjectDependencies) = postProject
		{2590DFB2-AB18-3B1C-B79E-83A4F0C5DA92} = {2590DFB2-AB18-3B1C-B79E-83A4F0C5DA92}
	EndProjectSection
EndProject
Project("{8BC9CEB8-8B4A-11D0-8D11-00A0C91BC942}") = "sfml-window", "externals\SFML\src\SFML\Window\sfml-window.vcxproj", "{473945DC-D938-3B7F-8C49-97DC4B4B9B99}"
	ProjectSection(ProjectDependencies) = postProject
		{2590DFB2-AB18-3B1C-B79E-83A4F0C5DA92} = {2590DFB2-AB18-3B1C-B79E-83A4F0C5DA92}
		{DC99FB1E-E7CA-3BF3-A2D2-87B3F1EAE443} = {DC99FB1E-E7CA-3BF3-A2D2-87B3F1EAE443}
	EndProjectSection
EndProject
Global
	GlobalSection(SolutionConfigurationPlatforms) = preSolution
		Debug|Win32 = Debug|Win32
		Release|Win32 = Release|Win32
		MinSizeRel|Win32 = MinSizeRel|Win32
		RelWithDebInfo|Win32 = RelWithDebInfo|Win32
	EndGlobalSection
	GlobalSection(ProjectConfigurationPlatforms) = postSolution
		{CE594DC5-5FA6-35E7-9379-9D890A9332FA}.Debug|Win32.ActiveCfg = Debug|Win32
		{CE594DC5-5FA6-35E7-9379-9D890A9332FA}.Debug|Win32.Build.0 = Debug|Win32
		{CE594DC5-5FA6-35E7-9379-9D890A9332FA}.Release|Win32.ActiveCfg = Release|Win32
		{CE594DC5-5FA6-35E7-9379-9D890A9332FA}.Release|Win32.Build.0 = Release|Win32
		{CE594DC5-5FA6-35E7-9379-9D890A9332FA}.MinSizeRel|Win32.ActiveCfg = MinSizeRel|Win32
		{CE594DC5-5FA6-35E7-9379-9D890A9332FA}.MinSizeRel|Win32.Build.0 = MinSizeRel|Win32
		{CE594DC5-5FA6-35E7-9379-9D890A9332FA}.RelWithDebInfo|Win32.ActiveCfg = RelWithDebInfo|Win32
		{CE594DC5-5FA6-35E7-9379-9D890A9332FA}.RelWithDebInfo|Win32.Build.0 = RelWithDebInfo|Win32
		{B8D1FCDC-96A2-3FC8-A6F6-2DB12274EE6A}.Debug|Win32.ActiveCfg = Debug|Win32
		{B8D1FCDC-96A2-3FC8-A6F6-2DB12274EE6A}.Debug|Win32.Build.0 = Debug|Win32
		{B8D1FCDC-96A2-3FC8-A6F6-2DB12274EE6A}.Release|Win32.ActiveCfg = Release|Win32
		{B8D1FCDC-96A2-3FC8-A6F6-2DB12274EE6A}.Release|Win32.Build.0 = Release|Win32
		{B8D1FCDC-96A2-3FC8-A6F6-2DB12274EE6A}.MinSizeRel|Win32.ActiveCfg = MinSizeRel|Win32
		{B8D1FCDC-96A2-3FC8-A6F6-2DB12274EE6A}.MinSizeRel|Win32.Build.0 = MinSizeRel|Win32
		{B8D1FCDC-96A2-3FC8-A6F6-2DB12274EE6A}.RelWithDebInfo|Win32.ActiveCfg = RelWithDebInfo|Win32
		{B8D1FCDC-96A2-3FC8-A6F6-2DB12274EE6A}.RelWithDebInfo|Win32.Build.0 = RelWithDebInfo|Win32
		{FC663596-81F8-399E-9C1F-50AA966B2D47}.Debug|Win32.ActiveCfg = Debug|Win32
		{FC663596-81F8-399E-9C1F-50AA966B2D47}.Release|Win32.ActiveCfg = Release|Win32
		{FC663596-81F8-399E-9C1F-50AA966B2D47}.MinSizeRel|Win32.ActiveCfg = MinSizeRel|Win32
		{FC663596-81F8-399E-9C1F-50AA966B2D47}.RelWithDebInfo|Win32.ActiveCfg = RelWithDebInfo|Win32
		{0DB60215-3B32-3C16-95B4-2E35BE8B56B7}.Debug|Win32.ActiveCfg = Debug|Win32
		{0DB60215-3B32-3C16-95B4-2E35BE8B56B7}.Debug|Win32.Build.0 = Debug|Win32
		{0DB60215-3B32-3C16-95B4-2E35BE8B56B7}.Release|Win32.ActiveCfg = Release|Win32
		{0DB60215-3B32-3C16-95B4-2E35BE8B56B7}.Release|Win32.Build.0 = Release|Win32
		{0DB60215-3B32-3C16-95B4-2E35BE8B56B7}.MinSizeRel|Win32.ActiveCfg = MinSizeRel|Win32
		{0DB60215-3B32-3C16-95B4-2E35BE8B56B7}.MinSizeRel|Win32.Build.0 = MinSizeRel|Win32
		{0DB60215-3B32-3C16-95B4-2E35BE8B56B7}.RelWithDebInfo|Win32.ActiveCfg = RelWithDebInfo|Win32
		{0DB60215-3B32-3C16-95B4-2E35BE8B56B7}.RelWithDebInfo|Win32.Build.0 = RelWithDebInfo|Win32
		{E4630C90-8930-327C-9488-E8327F3E8F68}.Debug|Win32.ActiveCfg = Debug|Win32
		{E4630C90-8930-327C-9488-E8327F3E8F68}.Debug|Win32.Build.0 = Debug|Win32
		{E4630C90-8930-327C-9488-E8327F3E8F68}.Release|Win32.ActiveCfg = Release|Win32
		{E4630C90-8930-327C-9488-E8327F3E8F68}.Release|Win32.Build.0 = Release|Win32
		{E4630C90-8930-327C-9488-E8327F3E8F68}.MinSizeRel|Win32.ActiveCfg = MinSizeRel|Win32
		{E4630C90-8930-327C-9488-E8327F3E8F68}.MinSizeRel|Win32.Build.0 = MinSizeRel|Win32
		{E4630C90-8930-327C-9488-E8327F3E8F68}.RelWithDebInfo|Win32.ActiveCfg = RelWithDebInfo|Win32
		{E4630C90-8930-327C-9488-E8327F3E8F68}.RelWithDebInfo|Win32.Build.0 = RelWithDebInfo|Win32
		{2590DFB2-AB18-3B1C-B79E-83A4F0C5DA92}.Debug|Win32.ActiveCfg = Debug|Win32
		{2590DFB2-AB18-3B1C-B79E-83A4F0C5DA92}.Debug|Win32.Build.0 = Debug|Win32
		{2590DFB2-AB18-3B1C-B79E-83A4F0C5DA92}.Release|Win32.ActiveCfg = Release|Win32
		{2590DFB2-AB18-3B1C-B79E-83A4F0C5DA92}.Release|Win32.Build.0 = Release|Win32
		{2590DFB2-AB18-3B1C-B79E-83A4F0C5DA92}.MinSizeRel|Win32.ActiveCfg = MinSizeRel|Win32
		{2590DFB2-AB18-3B1C-B79E-83A4F0C5DA92}.MinSizeRel|Win32.Build.0 = MinSizeRel|Win32
		{2590DFB2-AB18-3B1C-B79E-83A4F0C5DA92}.RelWithDebInfo|Win32.ActiveCfg = RelWithDebInfo|Win32
		{2590DFB2-AB18-3B1C-B79E-83A4F0C5DA92}.RelWithDebInfo|Win32.Build.0 = RelWithDebInfo|Win32
		{25BEB9CD-5B34-3E59-A471-157C3CB87432}.Debug|Win32.ActiveCfg = Debug|Win32
		{25BEB9CD-5B34-3E59-A471-157C3CB87432}.Debug|Win32.Build.0 = Debug|Win32
		{25BEB9CD-5B34-3E59-A471-157C3CB87432}.Release|Win32.ActiveCfg = Release|Win32
		{25BEB9CD-5B34-3E59-A471-157C3CB87432}.Release|Win32.Build.0 = Release|Win32
		{25BEB9CD-5B34-3E59-A471-157C3CB87432}.MinSizeRel|Win32.ActiveCfg = MinSizeRel|Win32
		{25BEB9CD-5B34-3E59-A471-157C3CB87432}.MinSizeRel|Win32.Build.0 = MinSizeRel|Win32
		{25BEB9CD-5B34-3E59-A471-157C3CB87432}.RelWithDebInfo|Win32.ActiveCfg = RelWithDebInfo|Win32
		{25BEB9CD-5B34-3E59-A471-157C3CB87432}.RelWithDebInfo|Win32.Build.0 = RelWithDebInfo|Win32
		{47B06128-0EE5-3873-9429-04B8D944F61F}.Debug|Win32.ActiveCfg = Debug|Win32
		{47B06128-0EE5-3873-9429-04B8D944F61F}.Debug|Win32.Build.0 = Debug|Win32
		{47B06128-0EE5-3873-9429-04B8D944F61F}.Release|Win32.ActiveCfg = Release|Win32
		{47B06128-0EE5-3873-9429-04B8D944F61F}.Release|Win32.Build.0 = Release|Win32
		{47B06128-0EE5-3873-9429-04B8D944F61F}.MinSizeRel|Win32.ActiveCfg = MinSizeRel|Win32
		{47B06128-0EE5-3873-9429-04B8D944F61F}.MinSizeRel|Win32.Build.0 = MinSizeRel|Win32
		{47B06128-0EE5-3873-9429-04B8D944F61F}.RelWithDebInfo|Win32.ActiveCfg = RelWithDebInfo|Win32
		{47B06128-0EE5-3873-9429-04B8D944F61F}.RelWithDebInfo|Win32.Build.0 = RelWithDebInfo|Win32
		{A82BB60E-880A-3632-81C6-40AC41951E6D}.Debug|Win32.ActiveCfg = Debug|Win32
		{A82BB60E-880A-3632-81C6-40AC41951E6D}.Debug|Win32.Build.0 = Debug|Win32
		{A82BB60E-880A-3632-81C6-40AC41951E6D}.Release|Win32.ActiveCfg = Release|Win32
		{A82BB60E-880A-3632-81C6-40AC41951E6D}.Release|Win32.Build.0 = Release|Win32
		{A82BB60E-880A-3632-81C6-40AC41951E6D}.MinSizeRel|Win32.ActiveCfg = MinSizeRel|Win32
		{A82BB60E-880A-3632-81C6-40AC41951E6D}.MinSizeRel|Win32.Build.0 = MinSizeRel|Win32
		{A82BB60E-880A-3632-81C6-40AC41951E6D}.RelWithDebInfo|Win32.ActiveCfg = RelWithDebInfo|Win32
		{A82BB60E-880A-3632-81C6-40AC41951E6D}.RelWithDebInfo|Win32.Build.0 = RelWithDebInfo|Win32
		{7A96CF29-9A89-3EAC-8590-463E513B3CF0}.Debug|Win32.ActiveCfg = Debug|Win32
		{7A96CF29-9A89-3EAC-8590-463E513B3CF0}.Debug|Win32.Build.0 = Debug|Win32
		{7A96CF29-9A89-3EAC-8590-463E513B3CF0}.Release|Win32.ActiveCfg = Release|Win32
		{7A96CF29-9A89-3EAC-8590-463E513B3CF0}.Release|Win32.Build.0 = Release|Win32
		{7A96CF29-9A89-3EAC-8590-463E513B3CF0}.MinSizeRel|Win32.ActiveCfg = MinSizeRel|Win32
		{7A96CF29-9A89-3EAC-8590-463E513B3CF0}.MinSizeRel|Win32.Build.0 = MinSizeRel|Win32
		{7A96CF29-9A89-3EAC-8590-463E513B3CF0}.RelWithDebInfo|Win32.ActiveCfg = RelWithDebInfo|Win32
		{7A96CF29-9A89-3EAC-8590-463E513B3CF0}.RelWithDebInfo|Win32.Build.0 = RelWithDebInfo|Win32
		{DC99FB1E-E7CA-3BF3-A2D2-87B3F1EAE443}.Debug|Win32.ActiveCfg = Debug|Win32
		{DC99FB1E-E7CA-3BF3-A2D2-87B3F1EAE443}.Debug|Win32.Build.0 = Debug|Win32
		{DC99FB1E-E7CA-3BF3-A2D2-87B3F1EAE443}.Release|Win32.ActiveCfg = Release|Win32
		{DC99FB1E-E7CA-3BF3-A2D2-87B3F1EAE443}.Release|Win32.Build.0 = Release|Win32
		{DC99FB1E-E7CA-3BF3-A2D2-87B3F1EAE443}.MinSizeRel|Win32.ActiveCfg = MinSizeRel|Win32
		{DC99FB1E-E7CA-3BF3-A2D2-87B3F1EAE443}.MinSizeRel|Win32.Build.0 = MinSizeRel|Win32
		{DC99FB1E-E7CA-3BF3-A2D2-87B3F1EAE443}.RelWithDebInfo|Win32.ActiveCfg = RelWithDebInfo|Win32
		{DC99FB1E-E7CA-3BF3-A2D2-87B3F1EAE443}.RelWithDebInfo|Win32.Build.0 = RelWithDebInfo|Win32
		{473945DC-D938-3B7F-8C49-97DC4B4B9B99}.Debug|Win32.ActiveCfg = Debug|Win32
		{473945DC-D938-3B7F-8C49-97DC4B4B9B99}.Debug|Win32.Build.0 = Debug|Win32
		{473945DC-D938-3B7F-8C49-97DC4B4B9B99}.Release|Win32.ActiveCfg = Release|Win32
		{473945DC-D938-3B7F-8C49-97DC4B4B9B99}.Release|Win32.Build.0 = Release|Win32
		{473945DC-D938-3B7F-8C49-97DC4B4B9B99}.MinSizeRel|Win32.ActiveCfg = MinSizeRel|Win32
		{473945DC-D938-3B7F-8C49-97DC4B4B9B99}.MinSizeRel|Win32.Build.0 = MinSizeRel|Win32
		{473945DC-D938-3B7F-8C49-97DC4B4B9B99}.RelWithDebInfo|Win32.ActiveCfg = RelWithDebInfo|Win32
		{473945DC-D938-3B7F-8C49-97DC4B4B9B99}.RelWithDebInfo|Win32.Build.0 = RelWithDebInfo|Win32
	EndGlobalSection
	GlobalSection(NestedProjects) = preSolution
		{CE594DC5-5FA6-35E7-9379-9D890A9332FA} = {3F2D6624-6BC6-3557-9008-6FC5E03959B2}
		{FC663596-81F8-399E-9C1F-50AA966B2D47} = {3F2D6624-6BC6-3557-9008-6FC5E03959B2}
		{2590DFB2-AB18-3B1C-B79E-83A4F0C5DA92} = {3F2D6624-6BC6-3557-9008-6FC5E03959B2}
		{25BEB9CD-5B34-3E59-A471-157C3CB87432} = {8090DE9C-9D7F-3A45-898C-749653981E36}
		{47B06128-0EE5-3873-9429-04B8D944F61F} = {8090DE9C-9D7F-3A45-898C-749653981E36}
		{A82BB60E-880A-3632-81C6-40AC41951E6D} = {8090DE9C-9D7F-3A45-898C-749653981E36}
		{7A96CF29-9A89-3EAC-8590-463E513B3CF0} = {8090DE9C-9D7F-3A45-898C-749653981E36}
		{DC99FB1E-E7CA-3BF3-A2D2-87B3F1EAE443} = {8090DE9C-9D7F-3A45-898C-749653981E36}
		{473945DC-D938-3B7F-8C49-97DC4B4B9B99} = {8090DE9C-9D7F-3A45-898C-749653981E36}
	EndGlobalSection
	GlobalSection(ExtensibilityGlobals) = postSolution
		SolutionGuid = {1B9A7575-46BD-3A2A-936A-D63003AACF4B}
	EndGlobalSection
	GlobalSection(ExtensibilityAddIns) = postSolution
	EndGlobalSection
EndGlobal
